// !$*UTF8*$!
{
	archiveVersion = 1;
	classes = {
	};
	objectVersion = 46;
	objects = {

/* Begin PBXBuildFile section */
		F0FD5A5B1BA2ADD400F23E90 /* Main.storyboard in Resources */ = {isa = PBXBuildFile; fileRef = F0FD5A591BA2ADD400F23E90 /* Main.storyboard */; };
		F0FD5A5D1BA2ADD400F23E90 /* Images.xcassets in Resources */ = {isa = PBXBuildFile; fileRef = F0FD5A5C1BA2ADD400F23E90 /* Images.xcassets */; };
		F0FD5A6C1BA2ADD400F23E90 /* QQZoneDemoTests.m in Sources */ = {isa = PBXBuildFile; fileRef = F0FD5A6B1BA2ADD400F23E90 /* QQZoneDemoTests.m */; };
		F0FD5A7F1BA2B01F00F23E90 /* AppDelegate.m in Sources */ = {isa = PBXBuildFile; fileRef = F0FD5A7A1BA2B01F00F23E90 /* AppDelegate.m */; };
		F0FD5A811BA2B01F00F23E90 /* main.m in Sources */ = {isa = PBXBuildFile; fileRef = F0FD5A7D1BA2B01F00F23E90 /* main.m */; };
		F0FD5A831BA2B1A700F23E90 /* Info.plist in Resources */ = {isa = PBXBuildFile; fileRef = F0FD5A821BA2B1A700F23E90 /* Info.plist */; };
		F0FD5A861BA2B41B00F23E90 /* LoginViewController.m in Sources */ = {isa = PBXBuildFile; fileRef = F0FD5A851BA2B41B00F23E90 /* LoginViewController.m */; };
/* End PBXBuildFile section */

/* Begin PBXContainerItemProxy section */
		F0FD5A661BA2ADD400F23E90 /* PBXContainerItemProxy */ = {
			isa = PBXContainerItemProxy;
			containerPortal = F0FD5A441BA2ADD400F23E90 /* Project object */;
			proxyType = 1;
			remoteGlobalIDString = F0FD5A4B1BA2ADD400F23E90;
			remoteInfo = QQZoneDemo;
		};
/* End PBXContainerItemProxy section */

/* Begin PBXFileReference section */
		F0FD5A4C1BA2ADD400F23E90 /* QQZoneDemo.app */ = {isa = PBXFileReference; explicitFileType = wrapper.application; includeInIndex = 0; path = QQZoneDemo.app; sourceTree = BUILT_PRODUCTS_DIR; };
		F0FD5A5A1BA2ADD400F23E90 /* Base */ = {isa = PBXFileReference; lastKnownFileType = file.storyboard; name = Base; path = Base.lproj/Main.storyboard; sourceTree = "<group>"; };
		F0FD5A5C1BA2ADD400F23E90 /* Images.xcassets */ = {isa = PBXFileReference; lastKnownFileType = folder.assetcatalog; path = Images.xcassets; sourceTree = "<group>"; };
		F0FD5A651BA2ADD400F23E90 /* QQZoneDemoTests.xctest */ = {isa = PBXFileReference; explicitFileType = wrapper.cfbundle; includeInIndex = 0; path = QQZoneDemoTests.xctest; sourceTree = BUILT_PRODUCTS_DIR; };
		F0FD5A6A1BA2ADD400F23E90 /* Info.plist */ = {isa = PBXFileReference; lastKnownFileType = text.plist.xml; path = Info.plist; sourceTree = "<group>"; };
		F0FD5A6B1BA2ADD400F23E90 /* QQZoneDemoTests.m */ = {isa = PBXFileReference; lastKnownFileType = sourcecode.c.objc; path = QQZoneDemoTests.m; sourceTree = "<group>"; };
		F0FD5A791BA2B01F00F23E90 /* AppDelegate.h */ = {isa = PBXFileReference; fileEncoding = 4; lastKnownFileType = sourcecode.c.h; path = AppDelegate.h; sourceTree = "<group>"; };
		F0FD5A7A1BA2B01F00F23E90 /* AppDelegate.m */ = {isa = PBXFileReference; fileEncoding = 4; lastKnownFileType = sourcecode.c.objc; path = AppDelegate.m; sourceTree = "<group>"; };
		F0FD5A7D1BA2B01F00F23E90 /* main.m */ = {isa = PBXFileReference; fileEncoding = 4; lastKnownFileType = sourcecode.c.objc; path = main.m; sourceTree = "<group>"; };
		F0FD5A821BA2B1A700F23E90 /* Info.plist */ = {isa = PBXFileReference; fileEncoding = 4; lastKnownFileType = text.plist.xml; path = Info.plist; sourceTree = "<group>"; };
		F0FD5A841BA2B41B00F23E90 /* LoginViewController.h */ = {isa = PBXFileReference; fileEncoding = 4; lastKnownFileType = sourcecode.c.h; path = LoginViewController.h; sourceTree = "<group>"; };
		F0FD5A851BA2B41B00F23E90 /* LoginViewController.m */ = {isa = PBXFileReference; fileEncoding = 4; lastKnownFileType = sourcecode.c.objc; path = LoginViewController.m; sourceTree = "<group>"; };
/* End PBXFileReference section */

/* Begin PBXFrameworksBuildPhase section */
		F0FD5A491BA2ADD400F23E90 /* Frameworks */ = {
			isa = PBXFrameworksBuildPhase;
			buildActionMask = 2147483647;
			files = (
			);
			runOnlyForDeploymentPostprocessing = 0;
		};
		F0FD5A621BA2ADD400F23E90 /* Frameworks */ = {
			isa = PBXFrameworksBuildPhase;
			buildActionMask = 2147483647;
			files = (
			);
			runOnlyForDeploymentPostprocessing = 0;
		};
/* End PBXFrameworksBuildPhase section */

/* Begin PBXGroup section */
		F0FD5A431BA2ADD400F23E90 = {
			isa = PBXGroup;
			children = (
				F0FD5A4E1BA2ADD400F23E90 /* QQZoneDemo */,
				F0FD5A681BA2ADD400F23E90 /* QQZoneDemoTests */,
				F0FD5A4D1BA2ADD400F23E90 /* Products */,
			);
			sourceTree = "<group>";
		};
		F0FD5A4D1BA2ADD400F23E90 /* Products */ = {
			isa = PBXGroup;
			children = (
				F0FD5A4C1BA2ADD400F23E90 /* QQZoneDemo.app */,
				F0FD5A651BA2ADD400F23E90 /* QQZoneDemoTests.xctest */,
			);
			name = Products;
			sourceTree = "<group>";
		};
		F0FD5A4E1BA2ADD400F23E90 /* QQZoneDemo */ = {
			isa = PBXGroup;
			children = (
				F0FD5A751BA2B01F00F23E90 /* Classes */,
				F0FD5A4F1BA2ADD400F23E90 /* Supporting Files */,
			);
			path = QQZoneDemo;
			sourceTree = "<group>";
		};
		F0FD5A4F1BA2ADD400F23E90 /* Supporting Files */ = {
			isa = PBXGroup;
			children = (
				F0FD5A591BA2ADD400F23E90 /* Main.storyboard */,
				F0FD5A821BA2B1A700F23E90 /* Info.plist */,
				F0FD5A5C1BA2ADD400F23E90 /* Images.xcassets */,
			);
			name = "Supporting Files";
			sourceTree = "<group>";
		};
		F0FD5A681BA2ADD400F23E90 /* QQZoneDemoTests */ = {
			isa = PBXGroup;
			children = (
				F0FD5A6B1BA2ADD400F23E90 /* QQZoneDemoTests.m */,
				F0FD5A691BA2ADD400F23E90 /* Supporting Files */,
			);
			path = QQZoneDemoTests;
			sourceTree = "<group>";
		};
		F0FD5A691BA2ADD400F23E90 /* Supporting Files */ = {
			isa = PBXGroup;
			children = (
				F0FD5A6A1BA2ADD400F23E90 /* Info.plist */,
			);
			name = "Supporting Files";
			sourceTree = "<group>";
		};
		F0FD5A751BA2B01F00F23E90 /* Classes */ = {
			isa = PBXGroup;
			children = (
				F0FD5A761BA2B01F00F23E90 /* Controller */,
				F0FD5A771BA2B01F00F23E90 /* Model */,
				F0FD5A7E1BA2B01F00F23E90 /* View */,
				F0FD5A781BA2B01F00F23E90 /* Other */,
			);
			path = Classes;
			sourceTree = "<group>";
		};
		F0FD5A761BA2B01F00F23E90 /* Controller */ = {
			isa = PBXGroup;
			children = (
				F0FD5A841BA2B41B00F23E90 /* LoginViewController.h */,
				F0FD5A851BA2B41B00F23E90 /* LoginViewController.m */,
			);
			path = Controller;
			sourceTree = "<group>";
		};
		F0FD5A771BA2B01F00F23E90 /* Model */ = {
			isa = PBXGroup;
			children = (
			);
			path = Model;
			sourceTree = "<group>";
		};
		F0FD5A781BA2B01F00F23E90 /* Other */ = {
			isa = PBXGroup;
			children = (
				F0FD5A7B1BA2B01F00F23E90 /* Category */,
				F0FD5A791BA2B01F00F23E90 /* AppDelegate.h */,
				F0FD5A7A1BA2B01F00F23E90 /* AppDelegate.m */,
				F0FD5A7D1BA2B01F00F23E90 /* main.m */,
			);
			path = Other;
			sourceTree = "<group>";
		};
		F0FD5A7B1BA2B01F00F23E90 /* Category */ = {
			isa = PBXGroup;
			children = (
			);
			path = Category;
			sourceTree = "<group>";
		};
		F0FD5A7E1BA2B01F00F23E90 /* View */ = {
			isa = PBXGroup;
			children = (
			);
			path = View;
			sourceTree = "<group>";
		};
/* End PBXGroup section */

/* Begin PBXNativeTarget section */
		F0FD5A4B1BA2ADD400F23E90 /* QQZoneDemo */ = {
			isa = PBXNativeTarget;
			buildConfigurationList = F0FD5A6F1BA2ADD400F23E90 /* Build configuration list for PBXNativeTarget "QQZoneDemo" */;
			buildPhases = (
				F0FD5A481BA2ADD400F23E90 /* Sources */,
				F0FD5A491BA2ADD400F23E90 /* Frameworks */,
				F0FD5A4A1BA2ADD400F23E90 /* Resources */,
			);
			buildRules = (
			);
			dependencies = (
			);
			name = QQZoneDemo;
			productName = QQZoneDemo;
			productReference = F0FD5A4C1BA2ADD400F23E90 /* QQZoneDemo.app */;
			productType = "com.apple.product-type.application";
		};
		F0FD5A641BA2ADD400F23E90 /* QQZoneDemoTests */ = {
			isa = PBXNativeTarget;
			buildConfigurationList = F0FD5A721BA2ADD400F23E90 /* Build configuration list for PBXNativeTarget "QQZoneDemoTests" */;
			buildPhases = (
				F0FD5A611BA2ADD400F23E90 /* Sources */,
				F0FD5A621BA2ADD400F23E90 /* Frameworks */,
				F0FD5A631BA2ADD400F23E90 /* Resources */,
			);
			buildRules = (
			);
			dependencies = (
				F0FD5A671BA2ADD400F23E90 /* PBXTargetDependency */,
			);
			name = QQZoneDemoTests;
			productName = QQZoneDemoTests;
			productReference = F0FD5A651BA2ADD400F23E90 /* QQZoneDemoTests.xctest */;
			productType = "com.apple.product-type.bundle.unit-test";
		};
/* End PBXNativeTarget section */

/* Begin PBXProject section */
		F0FD5A441BA2ADD400F23E90 /* Project object */ = {
			isa = PBXProject;
			attributes = {
				LastUpgradeCheck = 0640;
				ORGANIZATIONNAME = "周想";
				TargetAttributes = {
					F0FD5A4B1BA2ADD400F23E90 = {
						CreatedOnToolsVersion = 6.4;
					};
					F0FD5A641BA2ADD400F23E90 = {
						CreatedOnToolsVersion = 6.4;
						TestTargetID = F0FD5A4B1BA2ADD400F23E90;
					};
				};
			};
			buildConfigurationList = F0FD5A471BA2ADD400F23E90 /* Build configuration list for PBXProject "QQZoneDemo" */;
			compatibilityVersion = "Xcode 3.2";
			developmentRegion = English;
			hasScannedForEncodings = 0;
			knownRegions = (
				en,
				Base,
			);
			mainGroup = F0FD5A431BA2ADD400F23E90;
			productRefGroup = F0FD5A4D1BA2ADD400F23E90 /* Products */;
			projectDirPath = "";
			projectRoot = "";
			targets = (
				F0FD5A4B1BA2ADD400F23E90 /* QQZoneDemo */,
				F0FD5A641BA2ADD400F23E90 /* QQZoneDemoTests */,
			);
		};
/* End PBXProject section */

/* Begin PBXResourcesBuildPhase section */
		F0FD5A4A1BA2ADD400F23E90 /* Resources */ = {
			isa = PBXResourcesBuildPhase;
			buildActionMask = 2147483647;
			files = (
				F0FD5A5B1BA2ADD400F23E90 /* Main.storyboard in Resources */,
				F0FD5A5D1BA2ADD400F23E90 /* Images.xcassets in Resources */,
				F0FD5A831BA2B1A700F23E90 /* Info.plist in Resources */,
			);
			runOnlyForDeploymentPostprocessing = 0;
		};
		F0FD5A631BA2ADD400F23E90 /* Resources */ = {
			isa = PBXResourcesBuildPhase;
			buildActionMask = 2147483647;
			files = (
			);
			runOnlyForDeploymentPostprocessing = 0;
		};
/* End PBXResourcesBuildPhase section */

/* Begin PBXSourcesBuildPhase section */
		F0FD5A481BA2ADD400F23E90 /* Sources */ = {
			isa = PBXSourcesBuildPhase;
			buildActionMask = 2147483647;
			files = (
				F0FD5A811BA2B01F00F23E90 /* main.m in Sources */,
				F0FD5A7F1BA2B01F00F23E90 /* AppDelegate.m in Sources */,
				F0FD5A861BA2B41B00F23E90 /* LoginViewController.m in Sources */,
			);
			runOnlyForDeploymentPostprocessing = 0;
		};
		F0FD5A611BA2ADD400F23E90 /* Sources */ = {
			isa = PBXSourcesBuildPhase;
			buildActionMask = 2147483647;
			files = (
				F0FD5A6C1BA2ADD400F23E90 /* QQZoneDemoTests.m in Sources */,
			);
			runOnlyForDeploymentPostprocessing = 0;
		};
/* End PBXSourcesBuildPhase section */

/* Begin PBXTargetDependency section */
		F0FD5A671BA2ADD400F23E90 /* PBXTargetDependency */ = {
			isa = PBXTargetDependency;
			target = F0FD5A4B1BA2ADD400F23E90 /* QQZoneDemo */;
			targetProxy = F0FD5A661BA2ADD400F23E90 /* PBXContainerItemProxy */;
		};
/* End PBXTargetDependency section */

/* Begin PBXVariantGroup section */
		F0FD5A591BA2ADD400F23E90 /* Main.storyboard */ = {
			isa = PBXVariantGroup;
			children = (
				F0FD5A5A1BA2ADD400F23E90 /* Base */,
			);
			name = Main.storyboard;
			sourceTree = "<group>";
		};
/* End PBXVariantGroup section */

/* Begin XCBuildConfiguration section */
		F0FD5A6D1BA2ADD400F23E90 /* Debug */ = {
			isa = XCBuildConfiguration;
			buildSettings = {
				ALWAYS_SEARCH_USER_PATHS = NO;
				CLANG_CXX_LANGUAGE_STANDARD = "gnu++0x";
				CLANG_CXX_LIBRARY = "libc++";
				CLANG_ENABLE_MODULES = YES;
				CLANG_ENABLE_OBJC_ARC = YES;
				CLANG_WARN_BOOL_CONVERSION = YES;
				CLANG_WARN_CONSTANT_CONVERSION = YES;
				CLANG_WARN_DIRECT_OBJC_ISA_USAGE = YES_ERROR;
				CLANG_WARN_EMPTY_BODY = YES;
				CLANG_WARN_ENUM_CONVERSION = YES;
				CLANG_WARN_INT_CONVERSION = YES;
				CLANG_WARN_OBJC_ROOT_CLASS = YES_ERROR;
				CLANG_WARN_UNREACHABLE_CODE = YES;
				CLANG_WARN__DUPLICATE_METHOD_MATCH = YES;
				"CODE_SIGN_IDENTITY[sdk=iphoneos*]" = "iPhone Developer";
				COPY_PHASE_STRIP = NO;
				DEBUG_INFORMATION_FORMAT = "dwarf-with-dsym";
				ENABLE_STRICT_OBJC_MSGSEND = YES;
				GCC_C_LANGUAGE_STANDARD = gnu99;
				GCC_DYNAMIC_NO_PIC = NO;
				GCC_NO_COMMON_BLOCKS = YES;
				GCC_OPTIMIZATION_LEVEL = 0;
				GCC_PREPROCESSOR_DEFINITIONS = (
					"DEBUG=1",
					"$(inherited)",
				);
				GCC_SYMBOLS_PRIVATE_EXTERN = NO;
				GCC_WARN_64_TO_32_BIT_CONVERSION = YES;
				GCC_WARN_ABOUT_RETURN_TYPE = YES_ERROR;
				GCC_WARN_UNDECLARED_SELECTOR = YES;
				GCC_WARN_UNINITIALIZED_AUTOS = YES_AGGRESSIVE;
				GCC_WARN_UNUSED_FUNCTION = YES;
				GCC_WARN_UNUSED_VARIABLE = YES;
				IPHONEOS_DEPLOYMENT_TARGET = 8.4;
				MTL_ENABLE_DEBUG_INFO = YES;
				ONLY_ACTIVE_ARCH = YES;
				SDKROOT = iphoneos;
				TARGETED_DEVICE_FAMILY = 2;
			};
			name = Debug;
		};
		F0FD5A6E1BA2ADD400F23E90 /* Release */ = {
			isa = XCBuildConfiguration;
			buildSettings = {
				ALWAYS_SEARCH_USER_PATHS = NO;
				CLANG_CXX_LANGUAGE_STANDARD = "gnu++0x";
				CLANG_CXX_LIBRARY = "libc++";
				CLANG_ENABLE_MODULES = YES;
				CLANG_ENABLE_OBJC_ARC = YES;
				CLANG_WARN_BOOL_CONVERSION = YES;
				CLANG_WARN_CONSTANT_CONVERSION = YES;
				CLANG_WARN_DIRECT_OBJC_ISA_USAGE = YES_ERROR;
				CLANG_WARN_EMPTY_BODY = YES;
				CLANG_WARN_ENUM_CONVERSION = YES;
				CLANG_WARN_INT_CONVERSION = YES;
				CLANG_WARN_OBJC_ROOT_CLASS = YES_ERROR;
				CLANG_WARN_UNREACHABLE_CODE = YES;
				CLANG_WARN__DUPLICATE_METHOD_MATCH = YES;
				"CODE_SIGN_IDENTITY[sdk=iphoneos*]" = "iPhone Developer";
				COPY_PHASE_STRIP = NO;
				DEBUG_INFORMATION_FORMAT = "dwarf-with-dsym";
				ENABLE_NS_ASSERTIONS = NO;
				ENABLE_STRICT_OBJC_MSGSEND = YES;
				GCC_C_LANGUAGE_STANDARD = gnu99;
				GCC_NO_COMMON_BLOCKS = YES;
				GCC_WARN_64_TO_32_BIT_CONVERSION = YES;
				GCC_WARN_ABOUT_RETURN_TYPE = YES_ERROR;
				GCC_WARN_UNDECLARED_SELECTOR = YES;
				GCC_WARN_UNINITIALIZED_AUTOS = YES_AGGRESSIVE;
				GCC_WARN_UNUSED_FUNCTION = YES;
				GCC_WARN_UNUSED_VARIABLE = YES;
				IPHONEOS_DEPLOYMENT_TARGET = 8.4;
				MTL_ENABLE_DEBUG_INFO = NO;
				SDKROOT = iphoneos;
				TARGETED_DEVICE_FAMILY = 2;
				VALIDATE_PRODUCT = YES;
			};
			name = Release;
		};
		F0FD5A701BA2ADD400F23E90 /* Debug */ = {
			isa = XCBuildConfiguration;
			buildSettings = {
				ASSETCATALOG_COMPILER_APPICON_NAME = AppIcon;
				ASSETCATALOG_COMPILER_LAUNCHIMAGE_NAME = LaunchImage;
				INFOPLIST_FILE = QQZoneDemo/Info.plist;
				LD_RUNPATH_SEARCH_PATHS = "$(inherited) @executable_path/Frameworks";
				PRODUCT_NAME = "$(TARGET_NAME)";
			};
			name = Debug;
		};
		F0FD5A711BA2ADD400F23E90 /* Release */ = {
			isa = XCBuildConfiguration;
			buildSettings = {
				ASSETCATALOG_COMPILER_APPICON_NAME = AppIcon;
				ASSETCATALOG_COMPILER_LAUNCHIMAGE_NAME = LaunchImage;
				INFOPLIST_FILE = QQZoneDemo/Info.plist;
				LD_RUNPATH_SEARCH_PATHS = "$(inherited) @executable_path/Frameworks";
				PRODUCT_NAME = "$(TARGET_NAME)";
			};
			name = Release;
		};
		F0FD5A731BA2ADD400F23E90 /* Debug */ = {
			isa = XCBuildConfiguration;
			buildSettings = {
				BUNDLE_LOADER = "$(TEST_HOST)";
				FRAMEWORK_SEARCH_PATHS = (
					"$(SDKROOT)/Developer/Library/Frameworks",
					"$(inherited)",
				);
				GCC_PREPROCESSOR_DEFINITIONS = (
					"DEBUG=1",
					"$(inherited)",
				);
				INFOPLIST_FILE = QQZoneDemoTests/Info.plist;
				LD_RUNPATH_SEARCH_PATHS = "$(inherited) @executable_path/Frameworks @loader_path/Frameworks";
				PRODUCT_NAME = "$(TARGET_NAME)";
				TEST_HOST = "$(BUILT_PRODUCTS_DIR)/QQZoneDemo.app/QQZoneDemo";
			};
			name = Debug;
		};
		F0FD5A741BA2ADD400F23E90 /* Release */ = {
			isa = XCBuildConfiguration;
			buildSettings = {
				BUNDLE_LOADER = "$(TEST_HOST)";
				FRAMEWORK_SEARCH_PATHS = (
					"$(SDKROOT)/Developer/Library/Frameworks",
					"$(inherited)",
				);
				INFOPLIST_FILE = QQZoneDemoTests/Info.plist;
				LD_RUNPATH_SEARCH_PATHS = "$(inherited) @executable_path/Frameworks @loader_path/Frameworks";
				PRODUCT_NAME = "$(TARGET_NAME)";
				TEST_HOST = "$(BUILT_PRODUCTS_DIR)/QQZoneDemo.app/QQZoneDemo";
			};
			name = Release;
		};
/* End XCBuildConfiguration section */

/* Begin XCConfigurationList section */
		F0FD5A471BA2ADD400F23E90 /* Build configuration list for PBXProject "QQZoneDemo" */ = {
			isa = XCConfigurationList;
			buildConfigurations = (
				F0FD5A6D1BA2ADD400F23E90 /* Debug */,
				F0FD5A6E1BA2ADD400F23E90 /* Release */,
			);
			defaultConfigurationIsVisible = 0;
			defaultConfigurationName = Release;
		};
		F0FD5A6F1BA2ADD400F23E90 /* Build configuration list for PBXNativeTarget "QQZoneDemo" */ = {
			isa = XCConfigurationList;
			buildConfigurations = (
				F0FD5A701BA2ADD400F23E90 /* Debug */,
				F0FD5A711BA2ADD400F23E90 /* Release */,
			);
			defaultConfigurationIsVisible = 0;
		};
		F0FD5A721BA2ADD400F23E90 /* Build configuration list for PBXNativeTarget "QQZoneDemoTests" */ = {
			isa = XCConfigurationList;
			buildConfigurations = (
				F0FD5A731BA2ADD400F23E90 /* Debug */,
				F0FD5A741BA2ADD400F23E90 /* Release */,
			);
			defaultConfigurationIsVisible = 0;
		};
/* End XCConfigurationList section */
	};
	rootObject = F0FD5A441BA2ADD400F23E90 /* Project object */;
}
